
Microsoft Visual Studio Solution File, Format Version 12.00
# Visual Studio Version 16
VisualStudioVersion = 16.0.29230.61
MinimumVisualStudioVersion = 10.0.40219.1
Project("{9A19103F-16F7-4668-BE54-9A1E7A4F7556}") = "App.PublicHost", "App.PublicHost.csproj", "{EBC260C5-8AB5-4409-9565-FE4F4DEA87ED}"
EndProject
Global
	GlobalSection(SolutionConfigurationPlatforms) = preSolution
		Debug|Any CPU = Debug|Any CPU
		Release|Any CPU = Release|Any CPU
	EndGlobalSection
	GlobalSection(ProjectConfigurationPlatforms) = postSolution
		{EBC260C5-8AB5-4409-9565-FE4F4DEA87ED}.Debug|Any CPU.ActiveCfg = Debug|Any CPU
		{EBC260C5-8AB5-4409-9565-FE4F4DEA87ED}.Debug|Any CPU.Build.0 = Debug|Any CPU
		{EBC260C5-8AB5-4409-9565-FE4F4DEA87ED}.Release|Any CPU.ActiveCfg = Release|Any CPU
		{EBC260C5-8AB5-4409-9565-FE4F4DEA87ED}.Release|Any CPU.Build.0 = Release|Any CPU
	EndGlobalSection
	GlobalSection(SolutionProperties) = preSolution
		HideSolutionNode = FALSE
	EndGlobalSection
	GlobalSection(ExtensibilityGlobals) = postSolution
		SolutionGuid = {5E6ADFF2-FEC7-4814-9B12-2DFF3A7AEFD6}
	EndGlobalSection
EndGlobal
