
Microsoft Visual Studio Solution File, Format Version 12.00
# Visual Studio 15
VisualStudioVersion = 15.0.28010.2041
MinimumVisualStudioVersion = 10.0.40219.1
Project("{9A19103F-16F7-4668-BE54-9A1E7A4F7556}") = "CryptoSignService", "CryptoSignService\CryptoSignService.csproj", "{F0782205-951C-4D19-AAB7-B25875232D5D}"
EndProject
Project("{9A19103F-16F7-4668-BE54-9A1E7A4F7556}") = "CryptoSignService.Tests", "CryptoSignService.Tests\CryptoSignService.Tests.csproj", "{7C30A5AE-1C4B-40B1-9E01-DE3F6E6B84E3}"
EndProject
Project("{9A19103F-16F7-4668-BE54-9A1E7A4F7556}") = "CryptoSignServiceClient", "CryptoSignServiceClient\CryptoSignServiceClient.csproj", "{38B2F2C1-B491-4435-B150-2A6B7496974E}"
EndProject
Global
	GlobalSection(SolutionConfigurationPlatforms) = preSolution
		Debug|Any CPU = Debug|Any CPU
		Release|Any CPU = Release|Any CPU
	EndGlobalSection
	GlobalSection(ProjectConfigurationPlatforms) = postSolution
		{F0782205-951C-4D19-AAB7-B25875232D5D}.Debug|Any CPU.ActiveCfg = Debug|Any CPU
		{F0782205-951C-4D19-AAB7-B25875232D5D}.Debug|Any CPU.Build.0 = Debug|Any CPU
		{F0782205-951C-4D19-AAB7-B25875232D5D}.Release|Any CPU.ActiveCfg = Release|Any CPU
		{F0782205-951C-4D19-AAB7-B25875232D5D}.Release|Any CPU.Build.0 = Release|Any CPU
		{7C30A5AE-1C4B-40B1-9E01-DE3F6E6B84E3}.Debug|Any CPU.ActiveCfg = Debug|Any CPU
		{7C30A5AE-1C4B-40B1-9E01-DE3F6E6B84E3}.Debug|Any CPU.Build.0 = Debug|Any CPU
		{7C30A5AE-1C4B-40B1-9E01-DE3F6E6B84E3}.Release|Any CPU.ActiveCfg = Release|Any CPU
		{7C30A5AE-1C4B-40B1-9E01-DE3F6E6B84E3}.Release|Any CPU.Build.0 = Release|Any CPU
		{38B2F2C1-B491-4435-B150-2A6B7496974E}.Debug|Any CPU.ActiveCfg = Debug|Any CPU
		{38B2F2C1-B491-4435-B150-2A6B7496974E}.Debug|Any CPU.Build.0 = Debug|Any CPU
		{38B2F2C1-B491-4435-B150-2A6B7496974E}.Release|Any CPU.ActiveCfg = Release|Any CPU
		{38B2F2C1-B491-4435-B150-2A6B7496974E}.Release|Any CPU.Build.0 = Release|Any CPU
	EndGlobalSection
	GlobalSection(SolutionProperties) = preSolution
		HideSolutionNode = FALSE
	EndGlobalSection
	GlobalSection(ExtensibilityGlobals) = postSolution
		SolutionGuid = {4C0A8FED-833D-4373-9CC9-21823AE0A088}
	EndGlobalSection
EndGlobal
